
Microsoft Visual Studio Solution File, Format Version 12.00
# Visual Studio Version 16
VisualStudioVersion = 16.0.29609.76
MinimumVisualStudioVersion = 10.0.40219.1
Project("{FAE04EC0-301F-11D3-BF4B-00C04F79EFBC}") = "Accrediation", "Accrediation\Accrediation.csproj", "{43C145E1-3B4D-41B8-B768-3292E54F2500}"
EndProject
Global
	GlobalSection(SolutionConfigurationPlatforms) = preSolution
		Debug|Any CPU = Debug|Any CPU
		Release|Any CPU = Release|Any CPU
	EndGlobalSection
	GlobalSection(ProjectConfigurationPlatforms) = postSolution
		{43C145E1-3B4D-41B8-B768-3292E54F2500}.Debug|Any CPU.ActiveCfg = Debug|Any CPU
		{43C145E1-3B4D-41B8-B768-3292E54F2500}.Debug|Any CPU.Build.0 = Debug|Any CPU
		{43C145E1-3B4D-41B8-B768-3292E54F2500}.Release|Any CPU.ActiveCfg = Release|Any CPU
		{43C145E1-3B4D-41B8-B768-3292E54F2500}.Release|Any CPU.Build.0 = Release|Any CPU
	EndGlobalSection
	GlobalSection(SolutionProperties) = preSolution
		HideSolutionNode = FALSE
	EndGlobalSection
	GlobalSection(ExtensibilityGlobals) = postSolution
		SolutionGuid = {CF4890AE-02A8-4352-B8B2-5456B5170E41}
	EndGlobalSection
EndGlobal
